
Microsoft Visual Studio Solution File, Format Version 12.00
# Visual Studio Version 17
VisualStudioVersion = 17.0.32014.148
MinimumVisualStudioVersion = 10.0.40219.1
Project("{9A19103F-16F7-4668-BE54-9A1E7A4F7556}") = "DevIO.Api", "src\DevIO.Api\DevIO.Api.csproj", "{FFF11783-435C-48E4-8D99-766283831D1C}"
EndProject
Project("{9A19103F-16F7-4668-BE54-9A1E7A4F7556}") = "DevIO.Data", "src\DevIO.Data\DevIO.Data.csproj", "{9E3A1F11-CE82-4B8A-9E69-7D708E29E15D}"
EndProject
Project("{9A19103F-16F7-4668-BE54-9A1E7A4F7556}") = "DevIO.Business", "src\DevIO.Business\DevIO.Business.csproj", "{3E9030DB-DE8A-4E1C-AC0E-15748FF87A3D}"
EndProject
Global
	GlobalSection(SolutionConfigurationPlatforms) = preSolution
		Debug|Any CPU = Debug|Any CPU
		Release|Any CPU = Release|Any CPU
	EndGlobalSection
	GlobalSection(ProjectConfigurationPlatforms) = postSolution
		{FFF11783-435C-48E4-8D99-766283831D1C}.Debug|Any CPU.ActiveCfg = Debug|Any CPU
		{FFF11783-435C-48E4-8D99-766283831D1C}.Debug|Any CPU.Build.0 = Debug|Any CPU
		{FFF11783-435C-48E4-8D99-766283831D1C}.Release|Any CPU.ActiveCfg = Release|Any CPU
		{FFF11783-435C-48E4-8D99-766283831D1C}.Release|Any CPU.Build.0 = Release|Any CPU
		{9E3A1F11-CE82-4B8A-9E69-7D708E29E15D}.Debug|Any CPU.ActiveCfg = Debug|Any CPU
		{9E3A1F11-CE82-4B8A-9E69-7D708E29E15D}.Debug|Any CPU.Build.0 = Debug|Any CPU
		{9E3A1F11-CE82-4B8A-9E69-7D708E29E15D}.Release|Any CPU.ActiveCfg = Release|Any CPU
		{9E3A1F11-CE82-4B8A-9E69-7D708E29E15D}.Release|Any CPU.Build.0 = Release|Any CPU
		{3E9030DB-DE8A-4E1C-AC0E-15748FF87A3D}.Debug|Any CPU.ActiveCfg = Debug|Any CPU
		{3E9030DB-DE8A-4E1C-AC0E-15748FF87A3D}.Debug|Any CPU.Build.0 = Debug|Any CPU
		{3E9030DB-DE8A-4E1C-AC0E-15748FF87A3D}.Release|Any CPU.ActiveCfg = Release|Any CPU
		{3E9030DB-DE8A-4E1C-AC0E-15748FF87A3D}.Release|Any CPU.Build.0 = Release|Any CPU
	EndGlobalSection
	GlobalSection(SolutionProperties) = preSolution
		HideSolutionNode = FALSE
	EndGlobalSection
	GlobalSection(ExtensibilityGlobals) = postSolution
		SolutionGuid = {47AB44AE-5AE4-44B6-B3CD-24E3FDE0031E}
	EndGlobalSection
EndGlobal
